{
  "requires": true,
  "lockfileVersion": 1,
  "dependencies": {
    "angular": {
      "version": "1.7.6",
      "resolved": "https://registry.npmjs.org/angular/-/angular-1.7.6.tgz",
      "integrity": "sha512-QELpvuMIe1FTGniAkRz93O6A+di0yu88niDwcdzrSqtUHNtZMgtgFS4f7W/6Gugbuwej8Kyswlmymwdp8iPCWg=="
    },
    "angular-ui-grid": {
      "version": "4.7.0",
      "resolved": "https://registry.npmjs.org/angular-ui-grid/-/angular-ui-grid-4.7.0.tgz",
      "integrity": "sha512-6ndqRvs4lQ/sPikJ0FuoVkirtC6p0GU6fXf/uch+21Hd9aw8HKVBg1K5UDEowJDB09iyK2rSavexJASx6MHo1Q==",
      "requires": {
        "angular": ">=1.4.0 1.7.x"
      }
    }
  }
}
